
Microsoft Visual Studio Solution File, Format Version 12.00
# Visual Studio Version 17
VisualStudioVersion = 17.2.32616.157
MinimumVisualStudioVersion = 10.0.40219.1
Project("{9A19103F-16F7-4668-BE54-9A1E7A4F7556}") = "Kata-Search-Functionality", "Kata-Search-Functionality\Kata-Search-Functionality.csproj", "{20E6BC49-91F2-44E1-8A0D-0865A4F99710}"
EndProject
Global
	GlobalSection(SolutionConfigurationPlatforms) = preSolution
		Debug|Any CPU = Debug|Any CPU
		Release|Any CPU = Release|Any CPU
	EndGlobalSection
	GlobalSection(ProjectConfigurationPlatforms) = postSolution
		{20E6BC49-91F2-44E1-8A0D-0865A4F99710}.Debug|Any CPU.ActiveCfg = Debug|Any CPU
		{20E6BC49-91F2-44E1-8A0D-0865A4F99710}.Debug|Any CPU.Build.0 = Debug|Any CPU
		{20E6BC49-91F2-44E1-8A0D-0865A4F99710}.Release|Any CPU.ActiveCfg = Release|Any CPU
		{20E6BC49-91F2-44E1-8A0D-0865A4F99710}.Release|Any CPU.Build.0 = Release|Any CPU
	EndGlobalSection
	GlobalSection(SolutionProperties) = preSolution
		HideSolutionNode = FALSE
	EndGlobalSection
	GlobalSection(ExtensibilityGlobals) = postSolution
		SolutionGuid = {E73EE758-236B-42F6-9E6F-65A25942C4F1}
	EndGlobalSection
EndGlobal
